
Microsoft Visual Studio Solution File, Format Version 12.00
# Visual Studio Version 16
VisualStudioVersion = 16.0.30114.105
MinimumVisualStudioVersion = 10.0.40219.1
Project("{FAE04EC0-301F-11D3-BF4B-00C04F79EFBC}") = "Gw2Gizmos.Gw2Api.Client", "src\Gw2Gizmos.Gw2Api.Client\Gw2Gizmos.Gw2Api.Client.csproj", "{9FE82635-DFD0-4A11-9687-6892DAAD16EB}"
EndProject
Project("{FAE04EC0-301F-11D3-BF4B-00C04F79EFBC}") = "Gw2Gizmos.Gw2Api.Contract", "src\Gw2Gizmos.Gw2Api.Contract\Gw2Gizmos.Gw2Api.Contract.csproj", "{79718B8C-0913-47FF-8330-8CF46297E39E}"
EndProject
Project("{2150E333-8FDC-42A3-9474-1A3956D46DE8}") = "SolutionItems", "SolutionItems", "{9137525A-4815-4796-9A8B-DFE309F3F6FD}"
	ProjectSection(SolutionItems) = preProject
		.editorconfig = .editorconfig
		.csharpierignore = .csharpierignore
		Directory.Build.props = Directory.Build.props
		Directory.Packages.props = Directory.Packages.props
	EndProjectSection
EndProject
Project("{FAE04EC0-301F-11D3-BF4B-00C04F79EFBC}") = "Gw2Gizmos.Sandbox", "src\Gw2Gizmos.Sandbox\Gw2Gizmos.Sandbox.csproj", "{6A6A43A4-6D59-4B96-82A4-FA80972CB990}"
EndProject
Project("{FAE04EC0-301F-11D3-BF4B-00C04F79EFBC}") = "Gw2Gizmos.Data.EntityFramework", "src\Gw2Gizmos.Data.EntityFramework\Gw2Gizmos.Data.EntityFramework.csproj", "{0D6CE3B5-7527-4CE2-AE95-22FF33F8037F}"
EndProject
Project("{FAE04EC0-301F-11D3-BF4B-00C04F79EFBC}") = "Gw2Gizmos.Data.Worker", "src\Gw2Gizmos.Data.Worker\Gw2Gizmos.Data.Worker.csproj", "{0976D6B9-B983-475A-9BF3-1FCFABEA5797}"
EndProject
Project("{FAE04EC0-301F-11D3-BF4B-00C04F79EFBC}") = "Gw2Gizmos.Utilities.SqliteToXlsxExporter", "src\Gw2Gizmos.Utilities.SqliteToXlsxExporter\Gw2Gizmos.Utilities.SqliteToXlsxExporter.csproj", "{5A675406-CE4B-41DA-9F3F-0B67CBCC3749}"
EndProject
Project("{FAE04EC0-301F-11D3-BF4B-00C04F79EFBC}") = "Gw2Gizmos.RecipeFinder.Cli", "src\Gw2Gizmos.RecipeFinder.Cli\Gw2Gizmos.RecipeFinder.Cli.csproj", "{E5CCFC20-6604-44B5-9848-FF774F0DC12C}"
EndProject
Project("{FAE04EC0-301F-11D3-BF4B-00C04F79EFBC}") = "Gw2Gizmos.Desktop", "src\Gw2Gizmos.Desktop\Gw2Gizmos.Desktop.csproj", "{54103421-3A95-4B7D-AD4B-F8DDB492F18C}"
EndProject
Project("{FAE04EC0-301F-11D3-BF4B-00C04F79EFBC}") = "Gw2Gizmos.Data.Worker.Cli", "src\Gw2Gizmos.Data.Worker.Cli\Gw2Gizmos.Data.Worker.Cli.csproj", "{2F264A51-D7F2-49C5-AD37-B18D223CA0D2}"
EndProject
Project("{2150E333-8FDC-42A3-9474-1A3956D46DE8}") = "tools", "tools", "{07C2787E-EAC7-C090-1BA3-A61EC2A24D84}"
EndProject
Project("{FAE04EC0-301F-11D3-BF4B-00C04F79EFBC}") = "Gw2Gizmos.Gw2Api.NullabilityAudit", "tools\Gw2Gizmos.Gw2Api.NullabilityAudit\Gw2Gizmos.Gw2Api.NullabilityAudit.csproj", "{E0735050-0892-4779-98E8-ED8175C22875}"
EndProject
Project("{2150E333-8FDC-42A3-9474-1A3956D46DE8}") = "src", "src", "{A1B2C3D4-E5F6-4789-ABCD-1234567890AB}"
EndProject
Global
	GlobalSection(SolutionConfigurationPlatforms) = preSolution
		Debug|Any CPU = Debug|Any CPU
		Debug|x64 = Debug|x64
		Debug|x86 = Debug|x86
		Release|Any CPU = Release|Any CPU
		Release|x64 = Release|x64
		Release|x86 = Release|x86
	EndGlobalSection
	GlobalSection(ProjectConfigurationPlatforms) = postSolution
		{9FE82635-DFD0-4A11-9687-6892DAAD16EB}.Debug|Any CPU.ActiveCfg = Debug|Any CPU
		{9FE82635-DFD0-4A11-9687-6892DAAD16EB}.Debug|Any CPU.Build.0 = Debug|Any CPU
		{9FE82635-DFD0-4A11-9687-6892DAAD16EB}.Debug|x64.ActiveCfg = Debug|Any CPU
		{9FE82635-DFD0-4A11-9687-6892DAAD16EB}.Debug|x64.Build.0 = Debug|Any CPU
		{9FE82635-DFD0-4A11-9687-6892DAAD16EB}.Debug|x86.ActiveCfg = Debug|Any CPU
		{9FE82635-DFD0-4A11-9687-6892DAAD16EB}.Debug|x86.Build.0 = Debug|Any CPU
		{9FE82635-DFD0-4A11-9687-6892DAAD16EB}.Release|Any CPU.ActiveCfg = Release|Any CPU
		{9FE82635-DFD0-4A11-9687-6892DAAD16EB}.Release|Any CPU.Build.0 = Release|Any CPU
		{9FE82635-DFD0-4A11-9687-6892DAAD16EB}.Release|x64.ActiveCfg = Release|Any CPU
		{9FE82635-DFD0-4A11-9687-6892DAAD16EB}.Release|x64.Build.0 = Release|Any CPU
		{9FE82635-DFD0-4A11-9687-6892DAAD16EB}.Release|x86.ActiveCfg = Release|Any CPU
		{9FE82635-DFD0-4A11-9687-6892DAAD16EB}.Release|x86.Build.0 = Release|Any CPU
		{79718B8C-0913-47FF-8330-8CF46297E39E}.Debug|Any CPU.ActiveCfg = Debug|Any CPU
		{79718B8C-0913-47FF-8330-8CF46297E39E}.Debug|Any CPU.Build.0 = Debug|Any CPU
		{79718B8C-0913-47FF-8330-8CF46297E39E}.Debug|x64.ActiveCfg = Debug|Any CPU
		{79718B8C-0913-47FF-8330-8CF46297E39E}.Debug|x64.Build.0 = Debug|Any CPU
		{79718B8C-0913-47FF-8330-8CF46297E39E}.Debug|x86.ActiveCfg = Debug|Any CPU
		{79718B8C-0913-47FF-8330-8CF46297E39E}.Debug|x86.Build.0 = Debug|Any CPU
		{79718B8C-0913-47FF-8330-8CF46297E39E}.Release|Any CPU.ActiveCfg = Release|Any CPU
		{79718B8C-0913-47FF-8330-8CF46297E39E}.Release|Any CPU.Build.0 = Release|Any CPU
		{79718B8C-0913-47FF-8330-8CF46297E39E}.Release|x64.ActiveCfg = Release|Any CPU
		{79718B8C-0913-47FF-8330-8CF46297E39E}.Release|x64.Build.0 = Release|Any CPU
		{79718B8C-0913-47FF-8330-8CF46297E39E}.Release|x86.ActiveCfg = Release|Any CPU
		{79718B8C-0913-47FF-8330-8CF46297E39E}.Release|x86.Build.0 = Release|Any CPU
		{6A6A43A4-6D59-4B96-82A4-FA80972CB990}.Debug|Any CPU.ActiveCfg = Debug|Any CPU
		{6A6A43A4-6D59-4B96-82A4-FA80972CB990}.Debug|Any CPU.Build.0 = Debug|Any CPU
		{6A6A43A4-6D59-4B96-82A4-FA80972CB990}.Debug|x64.ActiveCfg = Debug|Any CPU
		{6A6A43A4-6D59-4B96-82A4-FA80972CB990}.Debug|x64.Build.0 = Debug|Any CPU
		{6A6A43A4-6D59-4B96-82A4-FA80972CB990}.Debug|x86.ActiveCfg = Debug|Any CPU
		{6A6A43A4-6D59-4B96-82A4-FA80972CB990}.Debug|x86.Build.0 = Debug|Any CPU
		{6A6A43A4-6D59-4B96-82A4-FA80972CB990}.Release|Any CPU.ActiveCfg = Release|Any CPU
		{6A6A43A4-6D59-4B96-82A4-FA80972CB990}.Release|Any CPU.Build.0 = Release|Any CPU
		{6A6A43A4-6D59-4B96-82A4-FA80972CB990}.Release|x64.ActiveCfg = Release|Any CPU
		{6A6A43A4-6D59-4B96-82A4-FA80972CB990}.Release|x64.Build.0 = Release|Any CPU
		{6A6A43A4-6D59-4B96-82A4-FA80972CB990}.Release|x86.ActiveCfg = Release|Any CPU
		{6A6A43A4-6D59-4B96-82A4-FA80972CB990}.Release|x86.Build.0 = Release|Any CPU
		{0D6CE3B5-7527-4CE2-AE95-22FF33F8037F}.Debug|Any CPU.ActiveCfg = Debug|Any CPU
		{0D6CE3B5-7527-4CE2-AE95-22FF33F8037F}.Debug|Any CPU.Build.0 = Debug|Any CPU
		{0D6CE3B5-7527-4CE2-AE95-22FF33F8037F}.Debug|x64.ActiveCfg = Debug|Any CPU
		{0D6CE3B5-7527-4CE2-AE95-22FF33F8037F}.Debug|x64.Build.0 = Debug|Any CPU
		{0D6CE3B5-7527-4CE2-AE95-22FF33F8037F}.Debug|x86.ActiveCfg = Debug|Any CPU
		{0D6CE3B5-7527-4CE2-AE95-22FF33F8037F}.Debug|x86.Build.0 = Debug|Any CPU
		{0D6CE3B5-7527-4CE2-AE95-22FF33F8037F}.Release|Any CPU.ActiveCfg = Release|Any CPU
		{0D6CE3B5-7527-4CE2-AE95-22FF33F8037F}.Release|Any CPU.Build.0 = Release|Any CPU
		{0D6CE3B5-7527-4CE2-AE95-22FF33F8037F}.Release|x64.ActiveCfg = Release|Any CPU
		{0D6CE3B5-7527-4CE2-AE95-22FF33F8037F}.Release|x64.Build.0 = Release|Any CPU
		{0D6CE3B5-7527-4CE2-AE95-22FF33F8037F}.Release|x86.ActiveCfg = Release|Any CPU
		{0D6CE3B5-7527-4CE2-AE95-22FF33F8037F}.Release|x86.Build.0 = Release|Any CPU
		{0976D6B9-B983-475A-9BF3-1FCFABEA5797}.Debug|Any CPU.ActiveCfg = Debug|Any CPU
		{0976D6B9-B983-475A-9BF3-1FCFABEA5797}.Debug|Any CPU.Build.0 = Debug|Any CPU
		{0976D6B9-B983-475A-9BF3-1FCFABEA5797}.Debug|x64.ActiveCfg = Debug|Any CPU
		{0976D6B9-B983-475A-9BF3-1FCFABEA5797}.Debug|x64.Build.0 = Debug|Any CPU
		{0976D6B9-B983-475A-9BF3-1FCFABEA5797}.Debug|x86.ActiveCfg = Debug|Any CPU
		{0976D6B9-B983-475A-9BF3-1FCFABEA5797}.Debug|x86.Build.0 = Debug|Any CPU
		{0976D6B9-B983-475A-9BF3-1FCFABEA5797}.Release|Any CPU.ActiveCfg = Release|Any CPU
		{0976D6B9-B983-475A-9BF3-1FCFABEA5797}.Release|Any CPU.Build.0 = Release|Any CPU
		{0976D6B9-B983-475A-9BF3-1FCFABEA5797}.Release|x64.ActiveCfg = Release|Any CPU
		{0976D6B9-B983-475A-9BF3-1FCFABEA5797}.Release|x64.Build.0 = Release|Any CPU
		{0976D6B9-B983-475A-9BF3-1FCFABEA5797}.Release|x86.ActiveCfg = Release|Any CPU
		{0976D6B9-B983-475A-9BF3-1FCFABEA5797}.Release|x86.Build.0 = Release|Any CPU
		{5A675406-CE4B-41DA-9F3F-0B67CBCC3749}.Debug|Any CPU.ActiveCfg = Debug|Any CPU
		{5A675406-CE4B-41DA-9F3F-0B67CBCC3749}.Debug|Any CPU.Build.0 = Debug|Any CPU
		{5A675406-CE4B-41DA-9F3F-0B67CBCC3749}.Debug|x64.ActiveCfg = Debug|Any CPU
		{5A675406-CE4B-41DA-9F3F-0B67CBCC3749}.Debug|x64.Build.0 = Debug|Any CPU
		{5A675406-CE4B-41DA-9F3F-0B67CBCC3749}.Debug|x86.ActiveCfg = Debug|Any CPU
		{5A675406-CE4B-41DA-9F3F-0B67CBCC3749}.Debug|x86.Build.0 = Debug|Any CPU
		{5A675406-CE4B-41DA-9F3F-0B67CBCC3749}.Release|Any CPU.ActiveCfg = Release|Any CPU
		{5A675406-CE4B-41DA-9F3F-0B67CBCC3749}.Release|Any CPU.Build.0 = Release|Any CPU
		{5A675406-CE4B-41DA-9F3F-0B67CBCC3749}.Release|x64.ActiveCfg = Release|Any CPU
		{5A675406-CE4B-41DA-9F3F-0B67CBCC3749}.Release|x64.Build.0 = Release|Any CPU
		{5A675406-CE4B-41DA-9F3F-0B67CBCC3749}.Release|x86.ActiveCfg = Release|Any CPU
		{5A675406-CE4B-41DA-9F3F-0B67CBCC3749}.Release|x86.Build.0 = Release|Any CPU
		{E5CCFC20-6604-44B5-9848-FF774F0DC12C}.Debug|Any CPU.ActiveCfg = Debug|Any CPU
		{E5CCFC20-6604-44B5-9848-FF774F0DC12C}.Debug|Any CPU.Build.0 = Debug|Any CPU
		{E5CCFC20-6604-44B5-9848-FF774F0DC12C}.Debug|x64.ActiveCfg = Debug|Any CPU
		{E5CCFC20-6604-44B5-9848-FF774F0DC12C}.Debug|x64.Build.0 = Debug|Any CPU
		{E5CCFC20-6604-44B5-9848-FF774F0DC12C}.Debug|x86.ActiveCfg = Debug|Any CPU
		{E5CCFC20-6604-44B5-9848-FF774F0DC12C}.Debug|x86.Build.0 = Debug|Any CPU
		{E5CCFC20-6604-44B5-9848-FF774F0DC12C}.Release|Any CPU.ActiveCfg = Release|Any CPU
		{E5CCFC20-6604-44B5-9848-FF774F0DC12C}.Release|Any CPU.Build.0 = Release|Any CPU
		{E5CCFC20-6604-44B5-9848-FF774F0DC12C}.Release|x64.ActiveCfg = Release|Any CPU
		{E5CCFC20-6604-44B5-9848-FF774F0DC12C}.Release|x64.Build.0 = Release|Any CPU
		{E5CCFC20-6604-44B5-9848-FF774F0DC12C}.Release|x86.ActiveCfg = Release|Any CPU
		{E5CCFC20-6604-44B5-9848-FF774F0DC12C}.Release|x86.Build.0 = Release|Any CPU
		{54103421-3A95-4B7D-AD4B-F8DDB492F18C}.Debug|Any CPU.ActiveCfg = Debug|Any CPU
		{54103421-3A95-4B7D-AD4B-F8DDB492F18C}.Debug|Any CPU.Build.0 = Debug|Any CPU
		{54103421-3A95-4B7D-AD4B-F8DDB492F18C}.Debug|x64.ActiveCfg = Debug|Any CPU
		{54103421-3A95-4B7D-AD4B-F8DDB492F18C}.Debug|x64.Build.0 = Debug|Any CPU
		{54103421-3A95-4B7D-AD4B-F8DDB492F18C}.Debug|x86.ActiveCfg = Debug|Any CPU
		{54103421-3A95-4B7D-AD4B-F8DDB492F18C}.Debug|x86.Build.0 = Debug|Any CPU
		{54103421-3A95-4B7D-AD4B-F8DDB492F18C}.Release|Any CPU.ActiveCfg = Release|Any CPU
		{54103421-3A95-4B7D-AD4B-F8DDB492F18C}.Release|Any CPU.Build.0 = Release|Any CPU
		{54103421-3A95-4B7D-AD4B-F8DDB492F18C}.Release|x64.ActiveCfg = Release|Any CPU
		{54103421-3A95-4B7D-AD4B-F8DDB492F18C}.Release|x64.Build.0 = Release|Any CPU
		{54103421-3A95-4B7D-AD4B-F8DDB492F18C}.Release|x86.ActiveCfg = Release|Any CPU
		{54103421-3A95-4B7D-AD4B-F8DDB492F18C}.Release|x86.Build.0 = Release|Any CPU
		{2F264A51-D7F2-49C5-AD37-B18D223CA0D2}.Debug|Any CPU.ActiveCfg = Debug|Any CPU
		{2F264A51-D7F2-49C5-AD37-B18D223CA0D2}.Debug|Any CPU.Build.0 = Debug|Any CPU
		{2F264A51-D7F2-49C5-AD37-B18D223CA0D2}.Debug|x64.ActiveCfg = Debug|Any CPU
		{2F264A51-D7F2-49C5-AD37-B18D223CA0D2}.Debug|x64.Build.0 = Debug|Any CPU
		{2F264A51-D7F2-49C5-AD37-B18D223CA0D2}.Debug|x86.ActiveCfg = Debug|Any CPU
		{2F264A51-D7F2-49C5-AD37-B18D223CA0D2}.Debug|x86.Build.0 = Debug|Any CPU
		{2F264A51-D7F2-49C5-AD37-B18D223CA0D2}.Release|Any CPU.ActiveCfg = Release|Any CPU
		{2F264A51-D7F2-49C5-AD37-B18D223CA0D2}.Release|Any CPU.Build.0 = Release|Any CPU
		{2F264A51-D7F2-49C5-AD37-B18D223CA0D2}.Release|x64.ActiveCfg = Release|Any CPU
		{2F264A51-D7F2-49C5-AD37-B18D223CA0D2}.Release|x64.Build.0 = Release|Any CPU
		{2F264A51-D7F2-49C5-AD37-B18D223CA0D2}.Release|x86.ActiveCfg = Release|Any CPU
		{2F264A51-D7F2-49C5-AD37-B18D223CA0D2}.Release|x86.Build.0 = Release|Any CPU
		{E0735050-0892-4779-98E8-ED8175C22875}.Debug|Any CPU.ActiveCfg = Debug|Any CPU
		{E0735050-0892-4779-98E8-ED8175C22875}.Debug|Any CPU.Build.0 = Debug|Any CPU
		{E0735050-0892-4779-98E8-ED8175C22875}.Debug|x64.ActiveCfg = Debug|Any CPU
		{E0735050-0892-4779-98E8-ED8175C22875}.Debug|x64.Build.0 = Debug|Any CPU
		{E0735050-0892-4779-98E8-ED8175C22875}.Debug|x86.ActiveCfg = Debug|Any CPU
		{E0735050-0892-4779-98E8-ED8175C22875}.Debug|x86.Build.0 = Debug|Any CPU
		{E0735050-0892-4779-98E8-ED8175C22875}.Release|Any CPU.ActiveCfg = Release|Any CPU
		{E0735050-0892-4779-98E8-ED8175C22875}.Release|Any CPU.Build.0 = Release|Any CPU
		{E0735050-0892-4779-98E8-ED8175C22875}.Release|x64.ActiveCfg = Release|Any CPU
		{E0735050-0892-4779-98E8-ED8175C22875}.Release|x64.Build.0 = Release|Any CPU
		{E0735050-0892-4779-98E8-ED8175C22875}.Release|x86.ActiveCfg = Release|Any CPU
		{E0735050-0892-4779-98E8-ED8175C22875}.Release|x86.Build.0 = Release|Any CPU
	EndGlobalSection
	GlobalSection(SolutionProperties) = preSolution
		HideSolutionNode = FALSE
	EndGlobalSection
	GlobalSection(NestedProjects) = preSolution
		{E0735050-0892-4779-98E8-ED8175C22875} = {07C2787E-EAC7-C090-1BA3-A61EC2A24D84}
		{9FE82635-DFD0-4A11-9687-6892DAAD16EB} = {A1B2C3D4-E5F6-4789-ABCD-1234567890AB}
		{79718B8C-0913-47FF-8330-8CF46297E39E} = {A1B2C3D4-E5F6-4789-ABCD-1234567890AB}
		{6A6A43A4-6D59-4B96-82A4-FA80972CB990} = {A1B2C3D4-E5F6-4789-ABCD-1234567890AB}
		{0D6CE3B5-7527-4CE2-AE95-22FF33F8037F} = {A1B2C3D4-E5F6-4789-ABCD-1234567890AB}
		{0976D6B9-B983-475A-9BF3-1FCFABEA5797} = {A1B2C3D4-E5F6-4789-ABCD-1234567890AB}
		{5A675406-CE4B-41DA-9F3F-0B67CBCC3749} = {A1B2C3D4-E5F6-4789-ABCD-1234567890AB}
		{E5CCFC20-6604-44B5-9848-FF774F0DC12C} = {A1B2C3D4-E5F6-4789-ABCD-1234567890AB}
		{54103421-3A95-4B7D-AD4B-F8DDB492F18C} = {A1B2C3D4-E5F6-4789-ABCD-1234567890AB}
		{2F264A51-D7F2-49C5-AD37-B18D223CA0D2} = {A1B2C3D4-E5F6-4789-ABCD-1234567890AB}
	EndGlobalSection
EndGlobal
